
Microsoft Visual Studio Solution File, Format Version 12.00
# Visual Studio Version 16
VisualStudioVersion = 16.0.31515.178
MinimumVisualStudioVersion = 10.0.40219.1
Project("{FAE04EC0-301F-11D3-BF4B-00C04F79EFBC}") = "Asignment1", "Asignment1\Asignment1.csproj", "{F09532FB-962C-4BE0-BFBE-1C202CD75C26}"
EndProject
Global
	GlobalSection(SolutionConfigurationPlatforms) = preSolution
		Debug|Any CPU = Debug|Any CPU
		Release|Any CPU = Release|Any CPU
	EndGlobalSection
	GlobalSection(ProjectConfigurationPlatforms) = postSolution
		{F09532FB-962C-4BE0-BFBE-1C202CD75C26}.Debug|Any CPU.ActiveCfg = Debug|Any CPU
		{F09532FB-962C-4BE0-BFBE-1C202CD75C26}.Debug|Any CPU.Build.0 = Debug|Any CPU
		{F09532FB-962C-4BE0-BFBE-1C202CD75C26}.Release|Any CPU.ActiveCfg = Release|Any CPU
		{F09532FB-962C-4BE0-BFBE-1C202CD75C26}.Release|Any CPU.Build.0 = Release|Any CPU
	EndGlobalSection
	GlobalSection(SolutionProperties) = preSolution
		HideSolutionNode = FALSE
	EndGlobalSection
	GlobalSection(ExtensibilityGlobals) = postSolution
		SolutionGuid = {5D5B36BE-9AA5-4193-A476-0C4208CF91FF}
	EndGlobalSection
EndGlobal
